
Microsoft Visual Studio Solution File, Format Version 12.00
# Visual Studio Version 16
VisualStudioVersion = 16.0.30002.166
MinimumVisualStudioVersion = 10.0.40219.1
Project("{2150E333-8FDC-42A3-9474-1A3956D46DE8}") = "src", "src", "{D25E01E0-1162-4081-9977-80B6D610F048}"
EndProject
Project("{FAE04EC0-301F-11D3-BF4B-00C04F79EFBC}") = "Hassie.HassiumEngine", "src\Hassie.HassiumEngine\Hassie.HassiumEngine.csproj", "{0EEE049B-32A6-4391-968F-F20C7D66AA73}"
EndProject
Project("{FAE04EC0-301F-11D3-BF4B-00C04F79EFBC}") = "Hassie.HassiumEngine.Pong", "src\Hassie.HassiumEngine.Pong\Hassie.HassiumEngine.Pong.csproj", "{CD48D4C9-0E54-40C0-BF1E-7C1BD615EC6A}"
EndProject
Global
	GlobalSection(SolutionConfigurationPlatforms) = preSolution
		Debug|Any CPU = Debug|Any CPU
		Release|Any CPU = Release|Any CPU
	EndGlobalSection
	GlobalSection(ProjectConfigurationPlatforms) = postSolution
		{0EEE049B-32A6-4391-968F-F20C7D66AA73}.Debug|Any CPU.ActiveCfg = Debug|Any CPU
		{0EEE049B-32A6-4391-968F-F20C7D66AA73}.Debug|Any CPU.Build.0 = Debug|Any CPU
		{0EEE049B-32A6-4391-968F-F20C7D66AA73}.Release|Any CPU.ActiveCfg = Release|Any CPU
		{0EEE049B-32A6-4391-968F-F20C7D66AA73}.Release|Any CPU.Build.0 = Release|Any CPU
		{CD48D4C9-0E54-40C0-BF1E-7C1BD615EC6A}.Debug|Any CPU.ActiveCfg = Debug|Any CPU
		{CD48D4C9-0E54-40C0-BF1E-7C1BD615EC6A}.Debug|Any CPU.Build.0 = Debug|Any CPU
		{CD48D4C9-0E54-40C0-BF1E-7C1BD615EC6A}.Release|Any CPU.ActiveCfg = Release|Any CPU
		{CD48D4C9-0E54-40C0-BF1E-7C1BD615EC6A}.Release|Any CPU.Build.0 = Release|Any CPU
	EndGlobalSection
	GlobalSection(SolutionProperties) = preSolution
		HideSolutionNode = FALSE
	EndGlobalSection
	GlobalSection(NestedProjects) = preSolution
		{0EEE049B-32A6-4391-968F-F20C7D66AA73} = {D25E01E0-1162-4081-9977-80B6D610F048}
		{CD48D4C9-0E54-40C0-BF1E-7C1BD615EC6A} = {D25E01E0-1162-4081-9977-80B6D610F048}
	EndGlobalSection
	GlobalSection(ExtensibilityGlobals) = postSolution
		SolutionGuid = {97FAE195-2B28-496C-836F-D4DB66D861E4}
	EndGlobalSection
EndGlobal
