
Microsoft Visual Studio Solution File, Format Version 12.00
# Visual Studio Version 16
VisualStudioVersion = 16.0.30002.166
MinimumVisualStudioVersion = 10.0.40219.1
Project("{9A19103F-16F7-4668-BE54-9A1E7A4F7556}") = "Hassie.HassiumEngine.Pong", "Hassie.HassiumEngine.Pong\Hassie.HassiumEngine.Pong.csproj", "{20AA164A-C68E-4954-B642-9DDDD2480052}"
EndProject
Project("{9A19103F-16F7-4668-BE54-9A1E7A4F7556}") = "Hassie.HassiumEngine", "Hassie.HassiumEngine\Hassie.HassiumEngine.csproj", "{FC965B87-B73E-431A-A43A-CA86791DB5D3}"
EndProject
Project("{9A19103F-16F7-4668-BE54-9A1E7A4F7556}") = "Hassie.HassiumEngine.MegaPong", "Hassie.HassiumEngine.MegaPong\Hassie.HassiumEngine.MegaPong.csproj", "{159E3BFE-83F2-4EB9-97ED-4BEBA9D6C7EB}"
EndProject
Global
	GlobalSection(SolutionConfigurationPlatforms) = preSolution
		Debug|Any CPU = Debug|Any CPU
		Release|Any CPU = Release|Any CPU
	EndGlobalSection
	GlobalSection(ProjectConfigurationPlatforms) = postSolution
		{20AA164A-C68E-4954-B642-9DDDD2480052}.Debug|Any CPU.ActiveCfg = Debug|Any CPU
		{20AA164A-C68E-4954-B642-9DDDD2480052}.Debug|Any CPU.Build.0 = Debug|Any CPU
		{20AA164A-C68E-4954-B642-9DDDD2480052}.Release|Any CPU.ActiveCfg = Release|Any CPU
		{20AA164A-C68E-4954-B642-9DDDD2480052}.Release|Any CPU.Build.0 = Release|Any CPU
		{FC965B87-B73E-431A-A43A-CA86791DB5D3}.Debug|Any CPU.ActiveCfg = Debug|Any CPU
		{FC965B87-B73E-431A-A43A-CA86791DB5D3}.Debug|Any CPU.Build.0 = Debug|Any CPU
		{FC965B87-B73E-431A-A43A-CA86791DB5D3}.Release|Any CPU.ActiveCfg = Release|Any CPU
		{FC965B87-B73E-431A-A43A-CA86791DB5D3}.Release|Any CPU.Build.0 = Release|Any CPU
		{159E3BFE-83F2-4EB9-97ED-4BEBA9D6C7EB}.Debug|Any CPU.ActiveCfg = Debug|Any CPU
		{159E3BFE-83F2-4EB9-97ED-4BEBA9D6C7EB}.Debug|Any CPU.Build.0 = Debug|Any CPU
		{159E3BFE-83F2-4EB9-97ED-4BEBA9D6C7EB}.Release|Any CPU.ActiveCfg = Release|Any CPU
		{159E3BFE-83F2-4EB9-97ED-4BEBA9D6C7EB}.Release|Any CPU.Build.0 = Release|Any CPU
	EndGlobalSection
	GlobalSection(SolutionProperties) = preSolution
		HideSolutionNode = FALSE
	EndGlobalSection
	GlobalSection(ExtensibilityGlobals) = postSolution
		SolutionGuid = {8D4FF952-6371-45C3-ADA2-E3543EAD1E2C}
	EndGlobalSection
EndGlobal
